// !$*UTF8*$!
{
	archiveVersion = 1;
	classes = {
	};
	objectVersion = 46;
	objects = {

/* Begin PBXBuildFile section */
		565066B71814EFDE0073F0B5 /* Foundation.framework in Frameworks */ = {isa = PBXBuildFile; fileRef = 565066B61814EFDE0073F0B5 /* Foundation.framework */; };
		565066B91814EFDE0073F0B5 /* CoreGraphics.framework in Frameworks */ = {isa = PBXBuildFile; fileRef = 565066B81814EFDE0073F0B5 /* CoreGraphics.framework */; };
		565066BB1814EFDE0073F0B5 /* UIKit.framework in Frameworks */ = {isa = PBXBuildFile; fileRef = 565066BA1814EFDE0073F0B5 /* UIKit.framework */; };
		565066C11814EFDE0073F0B5 /* InfoPlist.strings in Resources */ = {isa = PBXBuildFile; fileRef = 565066BF1814EFDE0073F0B5 /* InfoPlist.strings */; };
		565066C31814EFDE0073F0B5 /* main.m in Sources */ = {isa = PBXBuildFile; fileRef = 565066C21814EFDE0073F0B5 /* main.m */; };
		565066C71814EFDE0073F0B5 /* AppDelegate.m in Sources */ = {isa = PBXBuildFile; fileRef = 565066C61814EFDE0073F0B5 /* AppDelegate.m */; };
		565066CA1814EFDE0073F0B5 /* Main.storyboard in Resources */ = {isa = PBXBuildFile; fileRef = 565066C81814EFDE0073F0B5 /* Main.storyboard */; };
		565066CD1814EFDE0073F0B5 /* MasterViewController.m in Sources */ = {isa = PBXBuildFile; fileRef = 565066CC1814EFDE0073F0B5 /* MasterViewController.m */; };
		565066D21814EFDE0073F0B5 /* Images.xcassets in Resources */ = {isa = PBXBuildFile; fileRef = 565066D11814EFDE0073F0B5 /* Images.xcassets */; };
		565066D91814EFDE0073F0B5 /* XCTest.framework in Frameworks */ = {isa = PBXBuildFile; fileRef = 565066D81814EFDE0073F0B5 /* XCTest.framework */; };
		565066DA1814EFDE0073F0B5 /* Foundation.framework in Frameworks */ = {isa = PBXBuildFile; fileRef = 565066B61814EFDE0073F0B5 /* Foundation.framework */; };
		565066DB1814EFDE0073F0B5 /* UIKit.framework in Frameworks */ = {isa = PBXBuildFile; fileRef = 565066BA1814EFDE0073F0B5 /* UIKit.framework */; };
		565066E31814EFDE0073F0B5 /* InfoPlist.strings in Resources */ = {isa = PBXBuildFile; fileRef = 565066E11814EFDE0073F0B5 /* InfoPlist.strings */; };
		565066E51814EFDE0073F0B5 /* todolist2Tests.m in Sources */ = {isa = PBXBuildFile; fileRef = 565066E41814EFDE0073F0B5 /* todolist2Tests.m */; };
		565066F01814F1540073F0B5 /* TodoItemCell.m in Sources */ = {isa = PBXBuildFile; fileRef = 565066EF1814F1540073F0B5 /* TodoItemCell.m */; };
		565066F61815A96E0073F0B5 /* TodoTextField.m in Sources */ = {isa = PBXBuildFile; fileRef = 565066F51815A96E0073F0B5 /* TodoTextField.m */; };
/* End PBXBuildFile section */

/* Begin PBXContainerItemProxy section */
		565066DC1814EFDE0073F0B5 /* PBXContainerItemProxy */ = {
			isa = PBXContainerItemProxy;
			containerPortal = 565066AB1814EFDE0073F0B5 /* Project object */;
			proxyType = 1;
			remoteGlobalIDString = 565066B21814EFDE0073F0B5;
			remoteInfo = todolist2;
		};
/* End PBXContainerItemProxy section */

/* Begin PBXFileReference section */
		565066B31814EFDE0073F0B5 /* todolist2.app */ = {isa = PBXFileReference; explicitFileType = wrapper.application; includeInIndex = 0; path = todolist2.app; sourceTree = BUILT_PRODUCTS_DIR; };
		565066B61814EFDE0073F0B5 /* Foundation.framework */ = {isa = PBXFileReference; lastKnownFileType = wrapper.framework; name = Foundation.framework; path = System/Library/Frameworks/Foundation.framework; sourceTree = SDKROOT; };
		565066B81814EFDE0073F0B5 /* CoreGraphics.framework */ = {isa = PBXFileReference; lastKnownFileType = wrapper.framework; name = CoreGraphics.framework; path = System/Library/Frameworks/CoreGraphics.framework; sourceTree = SDKROOT; };
		565066BA1814EFDE0073F0B5 /* UIKit.framework */ = {isa = PBXFileReference; lastKnownFileType = wrapper.framework; name = UIKit.framework; path = System/Library/Frameworks/UIKit.framework; sourceTree = SDKROOT; };
		565066BE1814EFDE0073F0B5 /* todolist2-Info.plist */ = {isa = PBXFileReference; lastKnownFileType = text.plist.xml; path = "todolist2-Info.plist"; sourceTree = "<group>"; };
		565066C01814EFDE0073F0B5 /* en */ = {isa = PBXFileReference; lastKnownFileType = text.plist.strings; name = en; path = en.lproj/InfoPlist.strings; sourceTree = "<group>"; };
		565066C21814EFDE0073F0B5 /* main.m */ = {isa = PBXFileReference; lastKnownFileType = sourcecode.c.objc; path = main.m; sourceTree = "<group>"; };
		565066C41814EFDE0073F0B5 /* todolist2-Prefix.pch */ = {isa = PBXFileReference; lastKnownFileType = sourcecode.c.h; path = "todolist2-Prefix.pch"; sourceTree = "<group>"; };
		565066C51814EFDE0073F0B5 /* AppDelegate.h */ = {isa = PBXFileReference; lastKnownFileType = sourcecode.c.h; path = AppDelegate.h; sourceTree = "<group>"; };
		565066C61814EFDE0073F0B5 /* AppDelegate.m */ = {isa = PBXFileReference; lastKnownFileType = sourcecode.c.objc; path = AppDelegate.m; sourceTree = "<group>"; };
		565066C91814EFDE0073F0B5 /* Base */ = {isa = PBXFileReference; lastKnownFileType = file.storyboard; name = Base; path = Base.lproj/Main.storyboard; sourceTree = "<group>"; };
		565066CB1814EFDE0073F0B5 /* MasterViewController.h */ = {isa = PBXFileReference; lastKnownFileType = sourcecode.c.h; path = MasterViewController.h; sourceTree = "<group>"; };
		565066CC1814EFDE0073F0B5 /* MasterViewController.m */ = {isa = PBXFileReference; lastKnownFileType = sourcecode.c.objc; path = MasterViewController.m; sourceTree = "<group>"; };
		565066D11814EFDE0073F0B5 /* Images.xcassets */ = {isa = PBXFileReference; lastKnownFileType = folder.assetcatalog; path = Images.xcassets; sourceTree = "<group>"; };
		565066D71814EFDE0073F0B5 /* todolist2Tests.xctest */ = {isa = PBXFileReference; explicitFileType = wrapper.cfbundle; includeInIndex = 0; path = todolist2Tests.xctest; sourceTree = BUILT_PRODUCTS_DIR; };
		565066D81814EFDE0073F0B5 /* XCTest.framework */ = {isa = PBXFileReference; lastKnownFileType = wrapper.framework; name = XCTest.framework; path = Library/Frameworks/XCTest.framework; sourceTree = DEVELOPER_DIR; };
		565066E01814EFDE0073F0B5 /* todolist2Tests-Info.plist */ = {isa = PBXFileReference; lastKnownFileType = text.plist.xml; path = "todolist2Tests-Info.plist"; sourceTree = "<group>"; };
		565066E21814EFDE0073F0B5 /* en */ = {isa = PBXFileReference; lastKnownFileType = text.plist.strings; name = en; path = en.lproj/InfoPlist.strings; sourceTree = "<group>"; };
		565066E41814EFDE0073F0B5 /* todolist2Tests.m */ = {isa = PBXFileReference; lastKnownFileType = sourcecode.c.objc; path = todolist2Tests.m; sourceTree = "<group>"; };
		565066EE1814F1540073F0B5 /* TodoItemCell.h */ = {isa = PBXFileReference; fileEncoding = 4; lastKnownFileType = sourcecode.c.h; path = TodoItemCell.h; sourceTree = "<group>"; };
		565066EF1814F1540073F0B5 /* TodoItemCell.m */ = {isa = PBXFileReference; fileEncoding = 4; lastKnownFileType = sourcecode.c.objc; path = TodoItemCell.m; sourceTree = "<group>"; };
		565066F41815A96E0073F0B5 /* TodoTextField.h */ = {isa = PBXFileReference; fileEncoding = 4; lastKnownFileType = sourcecode.c.h; path = TodoTextField.h; sourceTree = "<group>"; };
		565066F51815A96E0073F0B5 /* TodoTextField.m */ = {isa = PBXFileReference; fileEncoding = 4; lastKnownFileType = sourcecode.c.objc; path = TodoTextField.m; sourceTree = "<group>"; };
/* End PBXFileReference section */

/* Begin PBXFrameworksBuildPhase section */
		565066B01814EFDE0073F0B5 /* Frameworks */ = {
			isa = PBXFrameworksBuildPhase;
			buildActionMask = 2147483647;
			files = (
				565066B91814EFDE0073F0B5 /* CoreGraphics.framework in Frameworks */,
				565066BB1814EFDE0073F0B5 /* UIKit.framework in Frameworks */,
				565066B71814EFDE0073F0B5 /* Foundation.framework in Frameworks */,
			);
			runOnlyForDeploymentPostprocessing = 0;
		};
		565066D41814EFDE0073F0B5 /* Frameworks */ = {
			isa = PBXFrameworksBuildPhase;
			buildActionMask = 2147483647;
			files = (
				565066D91814EFDE0073F0B5 /* XCTest.framework in Frameworks */,
				565066DB1814EFDE0073F0B5 /* UIKit.framework in Frameworks */,
				565066DA1814EFDE0073F0B5 /* Foundation.framework in Frameworks */,
			);
			runOnlyForDeploymentPostprocessing = 0;
		};
/* End PBXFrameworksBuildPhase section */

/* Begin PBXGroup section */
		565066AA1814EFDE0073F0B5 = {
			isa = PBXGroup;
			children = (
				565066BC1814EFDE0073F0B5 /* todolist2 */,
				565066DE1814EFDE0073F0B5 /* todolist2Tests */,
				565066B51814EFDE0073F0B5 /* Frameworks */,
				565066B41814EFDE0073F0B5 /* Products */,
			);
			sourceTree = "<group>";
		};
		565066B41814EFDE0073F0B5 /* Products */ = {
			isa = PBXGroup;
			children = (
				565066B31814EFDE0073F0B5 /* todolist2.app */,
				565066D71814EFDE0073F0B5 /* todolist2Tests.xctest */,
			);
			name = Products;
			sourceTree = "<group>";
		};
		565066B51814EFDE0073F0B5 /* Frameworks */ = {
			isa = PBXGroup;
			children = (
				565066B61814EFDE0073F0B5 /* Foundation.framework */,
				565066B81814EFDE0073F0B5 /* CoreGraphics.framework */,
				565066BA1814EFDE0073F0B5 /* UIKit.framework */,
				565066D81814EFDE0073F0B5 /* XCTest.framework */,
			);
			name = Frameworks;
			sourceTree = "<group>";
		};
		565066BC1814EFDE0073F0B5 /* todolist2 */ = {
			isa = PBXGroup;
			children = (
				565066C51814EFDE0073F0B5 /* AppDelegate.h */,
				565066C61814EFDE0073F0B5 /* AppDelegate.m */,
				565066C81814EFDE0073F0B5 /* Main.storyboard */,
				565066CB1814EFDE0073F0B5 /* MasterViewController.h */,
				565066CC1814EFDE0073F0B5 /* MasterViewController.m */,
				565066D11814EFDE0073F0B5 /* Images.xcassets */,
				565066BD1814EFDE0073F0B5 /* Supporting Files */,
				565066EE1814F1540073F0B5 /* TodoItemCell.h */,
				565066EF1814F1540073F0B5 /* TodoItemCell.m */,
				565066F41815A96E0073F0B5 /* TodoTextField.h */,
				565066F51815A96E0073F0B5 /* TodoTextField.m */,
			);
			path = todolist2;
			sourceTree = "<group>";
		};
		565066BD1814EFDE0073F0B5 /* Supporting Files */ = {
			isa = PBXGroup;
			children = (
				565066BE1814EFDE0073F0B5 /* todolist2-Info.plist */,
				565066BF1814EFDE0073F0B5 /* InfoPlist.strings */,
				565066C21814EFDE0073F0B5 /* main.m */,
				565066C41814EFDE0073F0B5 /* todolist2-Prefix.pch */,
			);
			name = "Supporting Files";
			sourceTree = "<group>";
		};
		565066DE1814EFDE0073F0B5 /* todolist2Tests */ = {
			isa = PBXGroup;
			children = (
				565066E41814EFDE0073F0B5 /* todolist2Tests.m */,
				565066DF1814EFDE0073F0B5 /* Supporting Files */,
			);
			path = todolist2Tests;
			sourceTree = "<group>";
		};
		565066DF1814EFDE0073F0B5 /* Supporting Files */ = {
			isa = PBXGroup;
			children = (
				565066E01814EFDE0073F0B5 /* todolist2Tests-Info.plist */,
				565066E11814EFDE0073F0B5 /* InfoPlist.strings */,
			);
			name = "Supporting Files";
			sourceTree = "<group>";
		};
/* End PBXGroup section */

/* Begin PBXNativeTarget section */
		565066B21814EFDE0073F0B5 /* todolist2 */ = {
			isa = PBXNativeTarget;
			buildConfigurationList = 565066E81814EFDE0073F0B5 /* Build configuration list for PBXNativeTarget "todolist2" */;
			buildPhases = (
				565066AF1814EFDE0073F0B5 /* Sources */,
				565066B01814EFDE0073F0B5 /* Frameworks */,
				565066B11814EFDE0073F0B5 /* Resources */,
			);
			buildRules = (
			);
			dependencies = (
			);
			name = todolist2;
			productName = todolist2;
			productReference = 565066B31814EFDE0073F0B5 /* todolist2.app */;
			productType = "com.apple.product-type.application";
		};
		565066D61814EFDE0073F0B5 /* todolist2Tests */ = {
			isa = PBXNativeTarget;
			buildConfigurationList = 565066EB1814EFDE0073F0B5 /* Build configuration list for PBXNativeTarget "todolist2Tests" */;
			buildPhases = (
				565066D31814EFDE0073F0B5 /* Sources */,
				565066D41814EFDE0073F0B5 /* Frameworks */,
				565066D51814EFDE0073F0B5 /* Resources */,
			);
			buildRules = (
			);
			dependencies = (
				565066DD1814EFDE0073F0B5 /* PBXTargetDependency */,
			);
			name = todolist2Tests;
			productName = todolist2Tests;
			productReference = 565066D71814EFDE0073F0B5 /* todolist2Tests.xctest */;
			productType = "com.apple.product-type.bundle.unit-test";
		};
/* End PBXNativeTarget section */

/* Begin PBXProject section */
		565066AB1814EFDE0073F0B5 /* Project object */ = {
			isa = PBXProject;
			attributes = {
				LastUpgradeCheck = 0500;
				ORGANIZATIONNAME = "Milan Brahmbhatt";
				TargetAttributes = {
					565066D61814EFDE0073F0B5 = {
						TestTargetID = 565066B21814EFDE0073F0B5;
					};
				};
			};
			buildConfigurationList = 565066AE1814EFDE0073F0B5 /* Build configuration list for PBXProject "todolist2" */;
			compatibilityVersion = "Xcode 3.2";
			developmentRegion = English;
			hasScannedForEncodings = 0;
			knownRegions = (
				en,
				Base,
			);
			mainGroup = 565066AA1814EFDE0073F0B5;
			productRefGroup = 565066B41814EFDE0073F0B5 /* Products */;
			projectDirPath = "";
			projectRoot = "";
			targets = (
				565066B21814EFDE0073F0B5 /* todolist2 */,
				565066D61814EFDE0073F0B5 /* todolist2Tests */,
			);
		};
/* End PBXProject section */

/* Begin PBXResourcesBuildPhase section */
		565066B11814EFDE0073F0B5 /* Resources */ = {
			isa = PBXResourcesBuildPhase;
			buildActionMask = 2147483647;
			files = (
				565066D21814EFDE0073F0B5 /* Images.xcassets in Resources */,
				565066C11814EFDE0073F0B5 /* InfoPlist.strings in Resources */,
				565066CA1814EFDE0073F0B5 /* Main.storyboard in Resources */,
			);
			runOnlyForDeploymentPostprocessing = 0;
		};
		565066D51814EFDE0073F0B5 /* Resources */ = {
			isa = PBXResourcesBuildPhase;
			buildActionMask = 2147483647;
			files = (
				565066E31814EFDE0073F0B5 /* InfoPlist.strings in Resources */,
			);
			runOnlyForDeploymentPostprocessing = 0;
		};
/* End PBXResourcesBuildPhase section */

/* Begin PBXSourcesBuildPhase section */
		565066AF1814EFDE0073F0B5 /* Sources */ = {
			isa = PBXSourcesBuildPhase;
			buildActionMask = 2147483647;
			files = (
				565066F01814F1540073F0B5 /* TodoItemCell.m in Sources */,
				565066C71814EFDE0073F0B5 /* AppDelegate.m in Sources */,
				565066CD1814EFDE0073F0B5 /* MasterViewController.m in Sources */,
				565066F61815A96E0073F0B5 /* TodoTextField.m in Sources */,
				565066C31814EFDE0073F0B5 /* main.m in Sources */,
			);
			runOnlyForDeploymentPostprocessing = 0;
		};
		565066D31814EFDE0073F0B5 /* Sources */ = {
			isa = PBXSourcesBuildPhase;
			buildActionMask = 2147483647;
			files = (
				565066E51814EFDE0073F0B5 /* todolist2Tests.m in Sources */,
			);
			runOnlyForDeploymentPostprocessing = 0;
		};
/* End PBXSourcesBuildPhase section */

/* Begin PBXTargetDependency section */
		565066DD1814EFDE0073F0B5 /* PBXTargetDependency */ = {
			isa = PBXTargetDependency;
			target = 565066B21814EFDE0073F0B5 /* todolist2 */;
			targetProxy = 565066DC1814EFDE0073F0B5 /* PBXContainerItemProxy */;
		};
/* End PBXTargetDependency section */

/* Begin PBXVariantGroup section */
		565066BF1814EFDE0073F0B5 /* InfoPlist.strings */ = {
			isa = PBXVariantGroup;
			children = (
				565066C01814EFDE0073F0B5 /* en */,
			);
			name = InfoPlist.strings;
			sourceTree = "<group>";
		};
		565066C81814EFDE0073F0B5 /* Main.storyboard */ = {
			isa = PBXVariantGroup;
			children = (
				565066C91814EFDE0073F0B5 /* Base */,
			);
			name = Main.storyboard;
			sourceTree = "<group>";
		};
		565066E11814EFDE0073F0B5 /* InfoPlist.strings */ = {
			isa = PBXVariantGroup;
			children = (
				565066E21814EFDE0073F0B5 /* en */,
			);
			name = InfoPlist.strings;
			sourceTree = "<group>";
		};
/* End PBXVariantGroup section */

/* Begin XCBuildConfiguration section */
		565066E61814EFDE0073F0B5 /* Debug */ = {
			isa = XCBuildConfiguration;
			buildSettings = {
				ALWAYS_SEARCH_USER_PATHS = NO;
				ARCHS = "$(ARCHS_STANDARD_INCLUDING_64_BIT)";
				CLANG_CXX_LANGUAGE_STANDARD = "gnu++0x";
				CLANG_CXX_LIBRARY = "libc++";
				CLANG_ENABLE_MODULES = YES;
				CLANG_ENABLE_OBJC_ARC = YES;
				CLANG_WARN_BOOL_CONVERSION = YES;
				CLANG_WARN_CONSTANT_CONVERSION = YES;
				CLANG_WARN_DIRECT_OBJC_ISA_USAGE = YES_ERROR;
				CLANG_WARN_EMPTY_BODY = YES;
				CLANG_WARN_ENUM_CONVERSION = YES;
				CLANG_WARN_INT_CONVERSION = YES;
				CLANG_WARN_OBJC_ROOT_CLASS = YES_ERROR;
				CLANG_WARN__DUPLICATE_METHOD_MATCH = YES;
				"CODE_SIGN_IDENTITY[sdk=iphoneos*]" = "iPhone Developer";
				COPY_PHASE_STRIP = NO;
				GCC_C_LANGUAGE_STANDARD = gnu99;
				GCC_DYNAMIC_NO_PIC = NO;
				GCC_OPTIMIZATION_LEVEL = 0;
				GCC_PREPROCESSOR_DEFINITIONS = (
					"DEBUG=1",
					"$(inherited)",
				);
				GCC_SYMBOLS_PRIVATE_EXTERN = NO;
				GCC_WARN_64_TO_32_BIT_CONVERSION = YES;
				GCC_WARN_ABOUT_RETURN_TYPE = YES_ERROR;
				GCC_WARN_UNDECLARED_SELECTOR = YES;
				GCC_WARN_UNINITIALIZED_AUTOS = YES;
				GCC_WARN_UNUSED_FUNCTION = YES;
				GCC_WARN_UNUSED_VARIABLE = YES;
				IPHONEOS_DEPLOYMENT_TARGET = 7.0;
				ONLY_ACTIVE_ARCH = YES;
				SDKROOT = iphoneos;
			};
			name = Debug;
		};
		565066E71814EFDE0073F0B5 /* Release */ = {
			isa = XCBuildConfiguration;
			buildSettings = {
				ALWAYS_SEARCH_USER_PATHS = NO;
				ARCHS = "$(ARCHS_STANDARD_INCLUDING_64_BIT)";
				CLANG_CXX_LANGUAGE_STANDARD = "gnu++0x";
				CLANG_CXX_LIBRARY = "libc++";
				CLANG_ENABLE_MODULES = YES;
				CLANG_ENABLE_OBJC_ARC = YES;
				CLANG_WARN_BOOL_CONVERSION = YES;
				CLANG_WARN_CONSTANT_CONVERSION = YES;
				CLANG_WARN_DIRECT_OBJC_ISA_USAGE = YES_ERROR;
				CLANG_WARN_EMPTY_BODY = YES;
				CLANG_WARN_ENUM_CONVERSION = YES;
				CLANG_WARN_INT_CONVERSION = YES;
				CLANG_WARN_OBJC_ROOT_CLASS = YES_ERROR;
				CLANG_WARN__DUPLICATE_METHOD_MATCH = YES;
				"CODE_SIGN_IDENTITY[sdk=iphoneos*]" = "iPhone Developer";
				COPY_PHASE_STRIP = YES;
				ENABLE_NS_ASSERTIONS = NO;
				GCC_C_LANGUAGE_STANDARD = gnu99;
				GCC_WARN_64_TO_32_BIT_CONVERSION = YES;
				GCC_WARN_ABOUT_RETURN_TYPE = YES_ERROR;
				GCC_WARN_UNDECLARED_SELECTOR = YES;
				GCC_WARN_UNINITIALIZED_AUTOS = YES;
				GCC_WARN_UNUSED_FUNCTION = YES;
				GCC_WARN_UNUSED_VARIABLE = YES;
				IPHONEOS_DEPLOYMENT_TARGET = 7.0;
				SDKROOT = iphoneos;
				VALIDATE_PRODUCT = YES;
			};
			name = Release;
		};
		565066E91814EFDE0073F0B5 /* Debug */ = {
			isa = XCBuildConfiguration;
			buildSettings = {
				ASSETCATALOG_COMPILER_APPICON_NAME = AppIcon;
				ASSETCATALOG_COMPILER_LAUNCHIMAGE_NAME = LaunchImage;
				GCC_PRECOMPILE_PREFIX_HEADER = YES;
				GCC_PREFIX_HEADER = "todolist2/todolist2-Prefix.pch";
				INFOPLIST_FILE = "todolist2/todolist2-Info.plist";
				PRODUCT_NAME = "$(TARGET_NAME)";
				WRAPPER_EXTENSION = app;
			};
			name = Debug;
		};
		565066EA1814EFDE0073F0B5 /* Release */ = {
			isa = XCBuildConfiguration;
			buildSettings = {
				ASSETCATALOG_COMPILER_APPICON_NAME = AppIcon;
				ASSETCATALOG_COMPILER_LAUNCHIMAGE_NAME = LaunchImage;
				GCC_PRECOMPILE_PREFIX_HEADER = YES;
				GCC_PREFIX_HEADER = "todolist2/todolist2-Prefix.pch";
				INFOPLIST_FILE = "todolist2/todolist2-Info.plist";
				PRODUCT_NAME = "$(TARGET_NAME)";
				WRAPPER_EXTENSION = app;
			};
			name = Release;
		};
		565066EC1814EFDE0073F0B5 /* Debug */ = {
			isa = XCBuildConfiguration;
			buildSettings = {
				ARCHS = "$(ARCHS_STANDARD_INCLUDING_64_BIT)";
				BUNDLE_LOADER = "$(BUILT_PRODUCTS_DIR)/todolist2.app/todolist2";
				FRAMEWORK_SEARCH_PATHS = (
					"$(SDKROOT)/Developer/Library/Frameworks",
					"$(inherited)",
					"$(DEVELOPER_FRAMEWORKS_DIR)",
				);
				GCC_PRECOMPILE_PREFIX_HEADER = YES;
				GCC_PREFIX_HEADER = "todolist2/todolist2-Prefix.pch";
				GCC_PREPROCESSOR_DEFINITIONS = (
					"DEBUG=1",
					"$(inherited)",
				);
				INFOPLIST_FILE = "todolist2Tests/todolist2Tests-Info.plist";
				PRODUCT_NAME = "$(TARGET_NAME)";
				TEST_HOST = "$(BUNDLE_LOADER)";
				WRAPPER_EXTENSION = xctest;
			};
			name = Debug;
		};
		565066ED1814EFDE0073F0B5 /* Release */ = {
			isa = XCBuildConfiguration;
			buildSettings = {
				ARCHS = "$(ARCHS_STANDARD_INCLUDING_64_BIT)";
				BUNDLE_LOADER = "$(BUILT_PRODUCTS_DIR)/todolist2.app/todolist2";
				FRAMEWORK_SEARCH_PATHS = (
					"$(SDKROOT)/Developer/Library/Frameworks",
					"$(inherited)",
					"$(DEVELOPER_FRAMEWORKS_DIR)",
				);
				GCC_PRECOMPILE_PREFIX_HEADER = YES;
				GCC_PREFIX_HEADER = "todolist2/todolist2-Prefix.pch";
				INFOPLIST_FILE = "todolist2Tests/todolist2Tests-Info.plist";
				PRODUCT_NAME = "$(TARGET_NAME)";
				TEST_HOST = "$(BUNDLE_LOADER)";
				WRAPPER_EXTENSION = xctest;
			};
			name = Release;
		};
/* End XCBuildConfiguration section */

/* Begin XCConfigurationList section */
		565066AE1814EFDE0073F0B5 /* Build configuration list for PBXProject "todolist2" */ = {
			isa = XCConfigurationList;
			buildConfigurations = (
				565066E61814EFDE0073F0B5 /* Debug */,
				565066E71814EFDE0073F0B5 /* Release */,
			);
			defaultConfigurationIsVisible = 0;
			defaultConfigurationName = Release;
		};
		565066E81814EFDE0073F0B5 /* Build configuration list for PBXNativeTarget "todolist2" */ = {
			isa = XCConfigurationList;
			buildConfigurations = (
				565066E91814EFDE0073F0B5 /* Debug */,
				565066EA1814EFDE0073F0B5 /* Release */,
			);
			defaultConfigurationIsVisible = 0;
		};
		565066EB1814EFDE0073F0B5 /* Build configuration list for PBXNativeTarget "todolist2Tests" */ = {
			isa = XCConfigurationList;
			buildConfigurations = (
				565066EC1814EFDE0073F0B5 /* Debug */,
				565066ED1814EFDE0073F0B5 /* Release */,
			);
			defaultConfigurationIsVisible = 0;
		};
/* End XCConfigurationList section */
	};
	rootObject = 565066AB1814EFDE0073F0B5 /* Project object */;
}
